
Microsoft Visual Studio Solution File, Format Version 12.00
# Visual Studio Version 17
VisualStudioVersion = 17.11.35312.102
MinimumVisualStudioVersion = 10.0.40219.1
Project("{FAE04EC0-301F-11D3-BF4B-00C04F79EFBC}") = "Project08_12", "Project08_12\Project08_12.csproj", "{8EED5A24-E6EB-48AA-A592-DAE082874573}"
EndProject
Global
	GlobalSection(SolutionConfigurationPlatforms) = preSolution
		Debug|Any CPU = Debug|Any CPU
		Release|Any CPU = Release|Any CPU
	EndGlobalSection
	GlobalSection(ProjectConfigurationPlatforms) = postSolution
		{8EED5A24-E6EB-48AA-A592-DAE082874573}.Debug|Any CPU.ActiveCfg = Debug|Any CPU
		{8EED5A24-E6EB-48AA-A592-DAE082874573}.Debug|Any CPU.Build.0 = Debug|Any CPU
		{8EED5A24-E6EB-48AA-A592-DAE082874573}.Release|Any CPU.ActiveCfg = Release|Any CPU
		{8EED5A24-E6EB-48AA-A592-DAE082874573}.Release|Any CPU.Build.0 = Release|Any CPU
	EndGlobalSection
	GlobalSection(SolutionProperties) = preSolution
		HideSolutionNode = FALSE
	EndGlobalSection
	GlobalSection(ExtensibilityGlobals) = postSolution
		SolutionGuid = {93FF2423-1A8A-47FF-99BA-7D13C60D9A09}
	EndGlobalSection
EndGlobal
