
Microsoft Visual Studio Solution File, Format Version 12.00
# Visual Studio Version 17
VisualStudioVersion = 17.11.35312.102
MinimumVisualStudioVersion = 10.0.40219.1
Project("{FAE04EC0-301F-11D3-BF4B-00C04F79EFBC}") = "Project03_1", "Project03_1\Project03_1.csproj", "{1EAECEF1-FF82-45E3-AE7D-B0F192BAFFC3}"
EndProject
Global
	GlobalSection(SolutionConfigurationPlatforms) = preSolution
		Debug|Any CPU = Debug|Any CPU
		Release|Any CPU = Release|Any CPU
	EndGlobalSection
	GlobalSection(ProjectConfigurationPlatforms) = postSolution
		{1EAECEF1-FF82-45E3-AE7D-B0F192BAFFC3}.Debug|Any CPU.ActiveCfg = Debug|Any CPU
		{1EAECEF1-FF82-45E3-AE7D-B0F192BAFFC3}.Debug|Any CPU.Build.0 = Debug|Any CPU
		{1EAECEF1-FF82-45E3-AE7D-B0F192BAFFC3}.Release|Any CPU.ActiveCfg = Release|Any CPU
		{1EAECEF1-FF82-45E3-AE7D-B0F192BAFFC3}.Release|Any CPU.Build.0 = Release|Any CPU
	EndGlobalSection
	GlobalSection(SolutionProperties) = preSolution
		HideSolutionNode = FALSE
	EndGlobalSection
	GlobalSection(ExtensibilityGlobals) = postSolution
		SolutionGuid = {60BA3B01-85D6-4D38-A81A-551CC7C8E746}
	EndGlobalSection
EndGlobal
