
Microsoft Visual Studio Solution File, Format Version 12.00
# Visual Studio Version 17
VisualStudioVersion = 17.11.35312.102
MinimumVisualStudioVersion = 10.0.40219.1
Project("{FAE04EC0-301F-11D3-BF4B-00C04F79EFBC}") = "Project09_6", "Project09_6\Project09_6.csproj", "{E92CA26F-8A6B-4569-93BA-E36C19BC97FB}"
EndProject
Global
	GlobalSection(SolutionConfigurationPlatforms) = preSolution
		Debug|Any CPU = Debug|Any CPU
		Release|Any CPU = Release|Any CPU
	EndGlobalSection
	GlobalSection(ProjectConfigurationPlatforms) = postSolution
		{E92CA26F-8A6B-4569-93BA-E36C19BC97FB}.Debug|Any CPU.ActiveCfg = Debug|Any CPU
		{E92CA26F-8A6B-4569-93BA-E36C19BC97FB}.Debug|Any CPU.Build.0 = Debug|Any CPU
		{E92CA26F-8A6B-4569-93BA-E36C19BC97FB}.Release|Any CPU.ActiveCfg = Release|Any CPU
		{E92CA26F-8A6B-4569-93BA-E36C19BC97FB}.Release|Any CPU.Build.0 = Release|Any CPU
	EndGlobalSection
	GlobalSection(SolutionProperties) = preSolution
		HideSolutionNode = FALSE
	EndGlobalSection
	GlobalSection(ExtensibilityGlobals) = postSolution
		SolutionGuid = {2E109AD4-641F-422B-851C-81CFC0F00D19}
	EndGlobalSection
EndGlobal
