
Microsoft Visual Studio Solution File, Format Version 12.00
# Visual Studio Version 17
VisualStudioVersion = 17.11.35312.102
MinimumVisualStudioVersion = 10.0.40219.1
Project("{FAE04EC0-301F-11D3-BF4B-00C04F79EFBC}") = "Project05_1", "Project05_1\Project05_1.csproj", "{7F299B22-CD5B-4544-B61F-142A58A512B9}"
EndProject
Global
	GlobalSection(SolutionConfigurationPlatforms) = preSolution
		Debug|Any CPU = Debug|Any CPU
		Release|Any CPU = Release|Any CPU
	EndGlobalSection
	GlobalSection(ProjectConfigurationPlatforms) = postSolution
		{7F299B22-CD5B-4544-B61F-142A58A512B9}.Debug|Any CPU.ActiveCfg = Debug|Any CPU
		{7F299B22-CD5B-4544-B61F-142A58A512B9}.Debug|Any CPU.Build.0 = Debug|Any CPU
		{7F299B22-CD5B-4544-B61F-142A58A512B9}.Release|Any CPU.ActiveCfg = Release|Any CPU
		{7F299B22-CD5B-4544-B61F-142A58A512B9}.Release|Any CPU.Build.0 = Release|Any CPU
	EndGlobalSection
	GlobalSection(SolutionProperties) = preSolution
		HideSolutionNode = FALSE
	EndGlobalSection
	GlobalSection(ExtensibilityGlobals) = postSolution
		SolutionGuid = {33EC38E1-6CC3-4665-937B-63E8C863E9E9}
	EndGlobalSection
EndGlobal
