
Microsoft Visual Studio Solution File, Format Version 12.00
# Visual Studio Version 17
VisualStudioVersion = 17.11.35312.102
MinimumVisualStudioVersion = 10.0.40219.1
Project("{FAE04EC0-301F-11D3-BF4B-00C04F79EFBC}") = "Project07_1", "Project07_1\Project07_1.csproj", "{8AEDD7A7-2894-436B-94AC-7BE9B46A5437}"
EndProject
Global
	GlobalSection(SolutionConfigurationPlatforms) = preSolution
		Debug|Any CPU = Debug|Any CPU
		Release|Any CPU = Release|Any CPU
	EndGlobalSection
	GlobalSection(ProjectConfigurationPlatforms) = postSolution
		{8AEDD7A7-2894-436B-94AC-7BE9B46A5437}.Debug|Any CPU.ActiveCfg = Debug|Any CPU
		{8AEDD7A7-2894-436B-94AC-7BE9B46A5437}.Debug|Any CPU.Build.0 = Debug|Any CPU
		{8AEDD7A7-2894-436B-94AC-7BE9B46A5437}.Release|Any CPU.ActiveCfg = Release|Any CPU
		{8AEDD7A7-2894-436B-94AC-7BE9B46A5437}.Release|Any CPU.Build.0 = Release|Any CPU
	EndGlobalSection
	GlobalSection(SolutionProperties) = preSolution
		HideSolutionNode = FALSE
	EndGlobalSection
	GlobalSection(ExtensibilityGlobals) = postSolution
		SolutionGuid = {66230370-50F1-4A27-9EAE-E692A8E88B0D}
	EndGlobalSection
EndGlobal
