
Microsoft Visual Studio Solution File, Format Version 12.00
# Visual Studio Version 17
VisualStudioVersion = 17.11.35312.102
MinimumVisualStudioVersion = 10.0.40219.1
Project("{FAE04EC0-301F-11D3-BF4B-00C04F79EFBC}") = "Project11_2", "Project11_2\Project11_2.csproj", "{F3DFA697-CBEF-4577-BB18-57FC8B5D6BF4}"
EndProject
Global
	GlobalSection(SolutionConfigurationPlatforms) = preSolution
		Debug|Any CPU = Debug|Any CPU
		Release|Any CPU = Release|Any CPU
	EndGlobalSection
	GlobalSection(ProjectConfigurationPlatforms) = postSolution
		{F3DFA697-CBEF-4577-BB18-57FC8B5D6BF4}.Debug|Any CPU.ActiveCfg = Debug|Any CPU
		{F3DFA697-CBEF-4577-BB18-57FC8B5D6BF4}.Debug|Any CPU.Build.0 = Debug|Any CPU
		{F3DFA697-CBEF-4577-BB18-57FC8B5D6BF4}.Release|Any CPU.ActiveCfg = Release|Any CPU
		{F3DFA697-CBEF-4577-BB18-57FC8B5D6BF4}.Release|Any CPU.Build.0 = Release|Any CPU
	EndGlobalSection
	GlobalSection(SolutionProperties) = preSolution
		HideSolutionNode = FALSE
	EndGlobalSection
	GlobalSection(ExtensibilityGlobals) = postSolution
		SolutionGuid = {6A462BF4-BD57-4120-8C93-F8BAF2F2D1B3}
	EndGlobalSection
EndGlobal
