
Microsoft Visual Studio Solution File, Format Version 12.00
# Visual Studio Version 17
VisualStudioVersion = 17.11.35312.102
MinimumVisualStudioVersion = 10.0.40219.1
Project("{FAE04EC0-301F-11D3-BF4B-00C04F79EFBC}") = "Project08_1", "Project08_1\Project08_1.csproj", "{9415C420-CA0D-49BE-BC66-985D89F88663}"
EndProject
Global
	GlobalSection(SolutionConfigurationPlatforms) = preSolution
		Debug|Any CPU = Debug|Any CPU
		Release|Any CPU = Release|Any CPU
	EndGlobalSection
	GlobalSection(ProjectConfigurationPlatforms) = postSolution
		{9415C420-CA0D-49BE-BC66-985D89F88663}.Debug|Any CPU.ActiveCfg = Debug|Any CPU
		{9415C420-CA0D-49BE-BC66-985D89F88663}.Debug|Any CPU.Build.0 = Debug|Any CPU
		{9415C420-CA0D-49BE-BC66-985D89F88663}.Release|Any CPU.ActiveCfg = Release|Any CPU
		{9415C420-CA0D-49BE-BC66-985D89F88663}.Release|Any CPU.Build.0 = Release|Any CPU
	EndGlobalSection
	GlobalSection(SolutionProperties) = preSolution
		HideSolutionNode = FALSE
	EndGlobalSection
	GlobalSection(ExtensibilityGlobals) = postSolution
		SolutionGuid = {1220E457-320A-491E-A9EA-C7C12B34F478}
	EndGlobalSection
EndGlobal
