
Microsoft Visual Studio Solution File, Format Version 12.00
# Visual Studio Version 17
VisualStudioVersion = 17.11.35312.102
MinimumVisualStudioVersion = 10.0.40219.1
Project("{FAE04EC0-301F-11D3-BF4B-00C04F79EFBC}") = "Project12_2", "Project12_2\Project12_2.csproj", "{CEDB9C54-02CF-49ED-9A79-54602C9512CC}"
EndProject
Global
	GlobalSection(SolutionConfigurationPlatforms) = preSolution
		Debug|Any CPU = Debug|Any CPU
		Release|Any CPU = Release|Any CPU
	EndGlobalSection
	GlobalSection(ProjectConfigurationPlatforms) = postSolution
		{CEDB9C54-02CF-49ED-9A79-54602C9512CC}.Debug|Any CPU.ActiveCfg = Debug|Any CPU
		{CEDB9C54-02CF-49ED-9A79-54602C9512CC}.Debug|Any CPU.Build.0 = Debug|Any CPU
		{CEDB9C54-02CF-49ED-9A79-54602C9512CC}.Release|Any CPU.ActiveCfg = Release|Any CPU
		{CEDB9C54-02CF-49ED-9A79-54602C9512CC}.Release|Any CPU.Build.0 = Release|Any CPU
	EndGlobalSection
	GlobalSection(SolutionProperties) = preSolution
		HideSolutionNode = FALSE
	EndGlobalSection
	GlobalSection(ExtensibilityGlobals) = postSolution
		SolutionGuid = {42678EC6-B965-4DE0-B842-4434B1FA279C}
	EndGlobalSection
EndGlobal
