
Microsoft Visual Studio Solution File, Format Version 12.00
# Visual Studio Version 17
VisualStudioVersion = 17.11.35312.102
MinimumVisualStudioVersion = 10.0.40219.1
Project("{FAE04EC0-301F-11D3-BF4B-00C04F79EFBC}") = "Project03_5", "Project03_5\Project03_5.csproj", "{07DF57CC-9302-475C-AC39-B1AE2728102C}"
EndProject
Global
	GlobalSection(SolutionConfigurationPlatforms) = preSolution
		Debug|Any CPU = Debug|Any CPU
		Release|Any CPU = Release|Any CPU
	EndGlobalSection
	GlobalSection(ProjectConfigurationPlatforms) = postSolution
		{07DF57CC-9302-475C-AC39-B1AE2728102C}.Debug|Any CPU.ActiveCfg = Debug|Any CPU
		{07DF57CC-9302-475C-AC39-B1AE2728102C}.Debug|Any CPU.Build.0 = Debug|Any CPU
		{07DF57CC-9302-475C-AC39-B1AE2728102C}.Release|Any CPU.ActiveCfg = Release|Any CPU
		{07DF57CC-9302-475C-AC39-B1AE2728102C}.Release|Any CPU.Build.0 = Release|Any CPU
	EndGlobalSection
	GlobalSection(SolutionProperties) = preSolution
		HideSolutionNode = FALSE
	EndGlobalSection
	GlobalSection(ExtensibilityGlobals) = postSolution
		SolutionGuid = {9EA7714D-4F2E-41B1-A638-152C04F3A778}
	EndGlobalSection
EndGlobal
