
Microsoft Visual Studio Solution File, Format Version 12.00
# Visual Studio Version 17
VisualStudioVersion = 17.11.35312.102
MinimumVisualStudioVersion = 10.0.40219.1
Project("{FAE04EC0-301F-11D3-BF4B-00C04F79EFBC}") = "Project07_7", "Project07_7\Project07_7.csproj", "{8B0E12CA-03C9-43D4-9DCF-F6D2456D084B}"
EndProject
Global
	GlobalSection(SolutionConfigurationPlatforms) = preSolution
		Debug|Any CPU = Debug|Any CPU
		Release|Any CPU = Release|Any CPU
	EndGlobalSection
	GlobalSection(ProjectConfigurationPlatforms) = postSolution
		{8B0E12CA-03C9-43D4-9DCF-F6D2456D084B}.Debug|Any CPU.ActiveCfg = Debug|Any CPU
		{8B0E12CA-03C9-43D4-9DCF-F6D2456D084B}.Debug|Any CPU.Build.0 = Debug|Any CPU
		{8B0E12CA-03C9-43D4-9DCF-F6D2456D084B}.Release|Any CPU.ActiveCfg = Release|Any CPU
		{8B0E12CA-03C9-43D4-9DCF-F6D2456D084B}.Release|Any CPU.Build.0 = Release|Any CPU
	EndGlobalSection
	GlobalSection(SolutionProperties) = preSolution
		HideSolutionNode = FALSE
	EndGlobalSection
	GlobalSection(ExtensibilityGlobals) = postSolution
		SolutionGuid = {39AAAF59-22FD-41C5-A61E-C4CD0128C955}
	EndGlobalSection
EndGlobal
