
Microsoft Visual Studio Solution File, Format Version 12.00
# Visual Studio Version 17
VisualStudioVersion = 17.11.35312.102
MinimumVisualStudioVersion = 10.0.40219.1
Project("{FAE04EC0-301F-11D3-BF4B-00C04F79EFBC}") = "Project09_4", "Project09_4\Project09_4.csproj", "{102BE279-D898-4EF1-B031-870C90962A89}"
EndProject
Global
	GlobalSection(SolutionConfigurationPlatforms) = preSolution
		Debug|Any CPU = Debug|Any CPU
		Release|Any CPU = Release|Any CPU
	EndGlobalSection
	GlobalSection(ProjectConfigurationPlatforms) = postSolution
		{102BE279-D898-4EF1-B031-870C90962A89}.Debug|Any CPU.ActiveCfg = Debug|Any CPU
		{102BE279-D898-4EF1-B031-870C90962A89}.Debug|Any CPU.Build.0 = Debug|Any CPU
		{102BE279-D898-4EF1-B031-870C90962A89}.Release|Any CPU.ActiveCfg = Release|Any CPU
		{102BE279-D898-4EF1-B031-870C90962A89}.Release|Any CPU.Build.0 = Release|Any CPU
	EndGlobalSection
	GlobalSection(SolutionProperties) = preSolution
		HideSolutionNode = FALSE
	EndGlobalSection
	GlobalSection(ExtensibilityGlobals) = postSolution
		SolutionGuid = {27C0F331-CC82-48CE-A50B-EE831C1A126F}
	EndGlobalSection
EndGlobal
