
Microsoft Visual Studio Solution File, Format Version 12.00
# Visual Studio Version 16
VisualStudioVersion = 25.0.1706.14
MinimumVisualStudioVersion = 10.0.40219.1
Project("{FAE04EC0-301F-11D3-BF4B-00C04F79EFBC}") = "Project02_2", "Project02_2\Project02_2.csproj", "{C893C31B-17BF-485A-A102-9598B9A108D9}"
EndProject
Global
	GlobalSection(SolutionConfigurationPlatforms) = preSolution
		Debug|Any CPU = Debug|Any CPU
		Release|Any CPU = Release|Any CPU
	EndGlobalSection
	GlobalSection(ProjectConfigurationPlatforms) = postSolution
		{C893C31B-17BF-485A-A102-9598B9A108D9}.Debug|Any CPU.ActiveCfg = Debug|Any CPU
		{C893C31B-17BF-485A-A102-9598B9A108D9}.Debug|Any CPU.Build.0 = Debug|Any CPU
		{C893C31B-17BF-485A-A102-9598B9A108D9}.Release|Any CPU.ActiveCfg = Release|Any CPU
		{C893C31B-17BF-485A-A102-9598B9A108D9}.Release|Any CPU.Build.0 = Release|Any CPU
	EndGlobalSection
	GlobalSection(SolutionProperties) = preSolution
		HideSolutionNode = FALSE
	EndGlobalSection
	GlobalSection(ExtensibilityGlobals) = postSolution
		SolutionGuid = {11ED1ECA-04E6-47BB-84A2-539EE55A60B5}
	EndGlobalSection
EndGlobal
