
Microsoft Visual Studio Solution File, Format Version 12.00
# Visual Studio Version 17
VisualStudioVersion = 17.11.35312.102
MinimumVisualStudioVersion = 10.0.40219.1
Project("{FAE04EC0-301F-11D3-BF4B-00C04F79EFBC}") = "Project04_5", "Project04_5\Project04_5.csproj", "{33E2B573-B2FD-4E6F-88CC-08E9C9B8BCD1}"
EndProject
Global
	GlobalSection(SolutionConfigurationPlatforms) = preSolution
		Debug|Any CPU = Debug|Any CPU
		Release|Any CPU = Release|Any CPU
	EndGlobalSection
	GlobalSection(ProjectConfigurationPlatforms) = postSolution
		{33E2B573-B2FD-4E6F-88CC-08E9C9B8BCD1}.Debug|Any CPU.ActiveCfg = Debug|Any CPU
		{33E2B573-B2FD-4E6F-88CC-08E9C9B8BCD1}.Debug|Any CPU.Build.0 = Debug|Any CPU
		{33E2B573-B2FD-4E6F-88CC-08E9C9B8BCD1}.Release|Any CPU.ActiveCfg = Release|Any CPU
		{33E2B573-B2FD-4E6F-88CC-08E9C9B8BCD1}.Release|Any CPU.Build.0 = Release|Any CPU
	EndGlobalSection
	GlobalSection(SolutionProperties) = preSolution
		HideSolutionNode = FALSE
	EndGlobalSection
	GlobalSection(ExtensibilityGlobals) = postSolution
		SolutionGuid = {6D4E9262-33E9-4261-9CF8-C697DAF7CC40}
	EndGlobalSection
EndGlobal
