
Microsoft Visual Studio Solution File, Format Version 12.00
# Visual Studio Version 17
VisualStudioVersion = 17.11.35312.102
MinimumVisualStudioVersion = 10.0.40219.1
Project("{FAE04EC0-301F-11D3-BF4B-00C04F79EFBC}") = "Project08_10", "Project08_10\Project08_10.csproj", "{14F9EC5E-825A-40BA-B1BD-30DB2CCF4543}"
EndProject
Global
	GlobalSection(SolutionConfigurationPlatforms) = preSolution
		Debug|Any CPU = Debug|Any CPU
		Release|Any CPU = Release|Any CPU
	EndGlobalSection
	GlobalSection(ProjectConfigurationPlatforms) = postSolution
		{14F9EC5E-825A-40BA-B1BD-30DB2CCF4543}.Debug|Any CPU.ActiveCfg = Debug|Any CPU
		{14F9EC5E-825A-40BA-B1BD-30DB2CCF4543}.Debug|Any CPU.Build.0 = Debug|Any CPU
		{14F9EC5E-825A-40BA-B1BD-30DB2CCF4543}.Release|Any CPU.ActiveCfg = Release|Any CPU
		{14F9EC5E-825A-40BA-B1BD-30DB2CCF4543}.Release|Any CPU.Build.0 = Release|Any CPU
	EndGlobalSection
	GlobalSection(SolutionProperties) = preSolution
		HideSolutionNode = FALSE
	EndGlobalSection
	GlobalSection(ExtensibilityGlobals) = postSolution
		SolutionGuid = {6AB3E2F7-C65C-41FA-B2E6-49627A7845BF}
	EndGlobalSection
EndGlobal
