
Microsoft Visual Studio Solution File, Format Version 12.00
# Visual Studio Version 17
VisualStudioVersion = 17.11.35312.102
MinimumVisualStudioVersion = 10.0.40219.1
Project("{FAE04EC0-301F-11D3-BF4B-00C04F79EFBC}") = "Project04_1", "Project04_1\Project04_1.csproj", "{939A1F57-7C13-47FA-9B8C-E7406C0F6D07}"
EndProject
Global
	GlobalSection(SolutionConfigurationPlatforms) = preSolution
		Debug|Any CPU = Debug|Any CPU
		Release|Any CPU = Release|Any CPU
	EndGlobalSection
	GlobalSection(ProjectConfigurationPlatforms) = postSolution
		{939A1F57-7C13-47FA-9B8C-E7406C0F6D07}.Debug|Any CPU.ActiveCfg = Debug|Any CPU
		{939A1F57-7C13-47FA-9B8C-E7406C0F6D07}.Debug|Any CPU.Build.0 = Debug|Any CPU
		{939A1F57-7C13-47FA-9B8C-E7406C0F6D07}.Release|Any CPU.ActiveCfg = Release|Any CPU
		{939A1F57-7C13-47FA-9B8C-E7406C0F6D07}.Release|Any CPU.Build.0 = Release|Any CPU
	EndGlobalSection
	GlobalSection(SolutionProperties) = preSolution
		HideSolutionNode = FALSE
	EndGlobalSection
	GlobalSection(ExtensibilityGlobals) = postSolution
		SolutionGuid = {34E3AED0-2229-4EDB-868A-E1D2678B4ED1}
	EndGlobalSection
EndGlobal
