
Microsoft Visual Studio Solution File, Format Version 12.00
# Visual Studio Version 17
VisualStudioVersion = 17.11.35312.102
MinimumVisualStudioVersion = 10.0.40219.1
Project("{FAE04EC0-301F-11D3-BF4B-00C04F79EFBC}") = "Project12_10", "Project12_10\Project12_10.csproj", "{7C925BB6-E768-4C75-A39F-CFC2B93DA3BD}"
EndProject
Global
	GlobalSection(SolutionConfigurationPlatforms) = preSolution
		Debug|Any CPU = Debug|Any CPU
		Release|Any CPU = Release|Any CPU
	EndGlobalSection
	GlobalSection(ProjectConfigurationPlatforms) = postSolution
		{7C925BB6-E768-4C75-A39F-CFC2B93DA3BD}.Debug|Any CPU.ActiveCfg = Debug|Any CPU
		{7C925BB6-E768-4C75-A39F-CFC2B93DA3BD}.Debug|Any CPU.Build.0 = Debug|Any CPU
		{7C925BB6-E768-4C75-A39F-CFC2B93DA3BD}.Release|Any CPU.ActiveCfg = Release|Any CPU
		{7C925BB6-E768-4C75-A39F-CFC2B93DA3BD}.Release|Any CPU.Build.0 = Release|Any CPU
	EndGlobalSection
	GlobalSection(SolutionProperties) = preSolution
		HideSolutionNode = FALSE
	EndGlobalSection
	GlobalSection(ExtensibilityGlobals) = postSolution
		SolutionGuid = {6755E0BA-84FC-4027-AAA9-D9B2C14A65DB}
	EndGlobalSection
EndGlobal
