
Microsoft Visual Studio Solution File, Format Version 12.00
# Visual Studio Version 17
VisualStudioVersion = 17.11.35312.102
MinimumVisualStudioVersion = 10.0.40219.1
Project("{FAE04EC0-301F-11D3-BF4B-00C04F79EFBC}") = "Project12_7", "Project12_7\Project12_7.csproj", "{9DD72092-E9DA-45CC-B952-1DB299645234}"
EndProject
Global
	GlobalSection(SolutionConfigurationPlatforms) = preSolution
		Debug|Any CPU = Debug|Any CPU
		Release|Any CPU = Release|Any CPU
	EndGlobalSection
	GlobalSection(ProjectConfigurationPlatforms) = postSolution
		{9DD72092-E9DA-45CC-B952-1DB299645234}.Debug|Any CPU.ActiveCfg = Debug|Any CPU
		{9DD72092-E9DA-45CC-B952-1DB299645234}.Debug|Any CPU.Build.0 = Debug|Any CPU
		{9DD72092-E9DA-45CC-B952-1DB299645234}.Release|Any CPU.ActiveCfg = Release|Any CPU
		{9DD72092-E9DA-45CC-B952-1DB299645234}.Release|Any CPU.Build.0 = Release|Any CPU
	EndGlobalSection
	GlobalSection(SolutionProperties) = preSolution
		HideSolutionNode = FALSE
	EndGlobalSection
	GlobalSection(ExtensibilityGlobals) = postSolution
		SolutionGuid = {0D39ABB8-0BC6-4504-9D78-8E3B961B3A5B}
	EndGlobalSection
EndGlobal
