
Microsoft Visual Studio Solution File, Format Version 12.00
# Visual Studio Version 17
VisualStudioVersion = 17.11.35312.102
MinimumVisualStudioVersion = 10.0.40219.1
Project("{FAE04EC0-301F-11D3-BF4B-00C04F79EFBC}") = "Project12_1", "Project12_1\Project12_1.csproj", "{44567F0D-A2A7-4290-BD73-0E7DEAFC175E}"
EndProject
Global
	GlobalSection(SolutionConfigurationPlatforms) = preSolution
		Debug|Any CPU = Debug|Any CPU
		Release|Any CPU = Release|Any CPU
	EndGlobalSection
	GlobalSection(ProjectConfigurationPlatforms) = postSolution
		{44567F0D-A2A7-4290-BD73-0E7DEAFC175E}.Debug|Any CPU.ActiveCfg = Debug|Any CPU
		{44567F0D-A2A7-4290-BD73-0E7DEAFC175E}.Debug|Any CPU.Build.0 = Debug|Any CPU
		{44567F0D-A2A7-4290-BD73-0E7DEAFC175E}.Release|Any CPU.ActiveCfg = Release|Any CPU
		{44567F0D-A2A7-4290-BD73-0E7DEAFC175E}.Release|Any CPU.Build.0 = Release|Any CPU
	EndGlobalSection
	GlobalSection(SolutionProperties) = preSolution
		HideSolutionNode = FALSE
	EndGlobalSection
	GlobalSection(ExtensibilityGlobals) = postSolution
		SolutionGuid = {17ECB019-B3E8-46E0-8C67-CFBB04BB0EA7}
	EndGlobalSection
EndGlobal
