
Microsoft Visual Studio Solution File, Format Version 12.00
# Visual Studio Version 17
VisualStudioVersion = 17.11.35312.102
MinimumVisualStudioVersion = 10.0.40219.1
Project("{FAE04EC0-301F-11D3-BF4B-00C04F79EFBC}") = "Project11_6", "Project11_6\Project11_6.csproj", "{93554FEE-406C-4094-8C43-09502EAD29AD}"
EndProject
Global
	GlobalSection(SolutionConfigurationPlatforms) = preSolution
		Debug|Any CPU = Debug|Any CPU
		Release|Any CPU = Release|Any CPU
	EndGlobalSection
	GlobalSection(ProjectConfigurationPlatforms) = postSolution
		{93554FEE-406C-4094-8C43-09502EAD29AD}.Debug|Any CPU.ActiveCfg = Debug|Any CPU
		{93554FEE-406C-4094-8C43-09502EAD29AD}.Debug|Any CPU.Build.0 = Debug|Any CPU
		{93554FEE-406C-4094-8C43-09502EAD29AD}.Release|Any CPU.ActiveCfg = Release|Any CPU
		{93554FEE-406C-4094-8C43-09502EAD29AD}.Release|Any CPU.Build.0 = Release|Any CPU
	EndGlobalSection
	GlobalSection(SolutionProperties) = preSolution
		HideSolutionNode = FALSE
	EndGlobalSection
	GlobalSection(ExtensibilityGlobals) = postSolution
		SolutionGuid = {018E7CBB-F16A-444C-90CF-3E68C77224A1}
	EndGlobalSection
EndGlobal
