
Microsoft Visual Studio Solution File, Format Version 12.00
# Visual Studio Version 17
VisualStudioVersion = 17.11.35312.102
MinimumVisualStudioVersion = 10.0.40219.1
Project("{FAE04EC0-301F-11D3-BF4B-00C04F79EFBC}") = "Project07_5", "Project07_5\Project07_5.csproj", "{A85FC1C9-BC37-4850-87B7-FEAE16D00617}"
EndProject
Global
	GlobalSection(SolutionConfigurationPlatforms) = preSolution
		Debug|Any CPU = Debug|Any CPU
		Release|Any CPU = Release|Any CPU
	EndGlobalSection
	GlobalSection(ProjectConfigurationPlatforms) = postSolution
		{A85FC1C9-BC37-4850-87B7-FEAE16D00617}.Debug|Any CPU.ActiveCfg = Debug|Any CPU
		{A85FC1C9-BC37-4850-87B7-FEAE16D00617}.Debug|Any CPU.Build.0 = Debug|Any CPU
		{A85FC1C9-BC37-4850-87B7-FEAE16D00617}.Release|Any CPU.ActiveCfg = Release|Any CPU
		{A85FC1C9-BC37-4850-87B7-FEAE16D00617}.Release|Any CPU.Build.0 = Release|Any CPU
	EndGlobalSection
	GlobalSection(SolutionProperties) = preSolution
		HideSolutionNode = FALSE
	EndGlobalSection
	GlobalSection(ExtensibilityGlobals) = postSolution
		SolutionGuid = {5228832E-C954-4413-9CDF-375196D2A57F}
	EndGlobalSection
EndGlobal
