
Microsoft Visual Studio Solution File, Format Version 12.00
# Visual Studio Version 17
VisualStudioVersion = 17.11.35312.102
MinimumVisualStudioVersion = 10.0.40219.1
Project("{FAE04EC0-301F-11D3-BF4B-00C04F79EFBC}") = "Project07_2", "Project07_2\Project07_2.csproj", "{0F53A107-5ED1-4442-8068-271E3C4512C0}"
EndProject
Global
	GlobalSection(SolutionConfigurationPlatforms) = preSolution
		Debug|Any CPU = Debug|Any CPU
		Release|Any CPU = Release|Any CPU
	EndGlobalSection
	GlobalSection(ProjectConfigurationPlatforms) = postSolution
		{0F53A107-5ED1-4442-8068-271E3C4512C0}.Debug|Any CPU.ActiveCfg = Debug|Any CPU
		{0F53A107-5ED1-4442-8068-271E3C4512C0}.Debug|Any CPU.Build.0 = Debug|Any CPU
		{0F53A107-5ED1-4442-8068-271E3C4512C0}.Release|Any CPU.ActiveCfg = Release|Any CPU
		{0F53A107-5ED1-4442-8068-271E3C4512C0}.Release|Any CPU.Build.0 = Release|Any CPU
	EndGlobalSection
	GlobalSection(SolutionProperties) = preSolution
		HideSolutionNode = FALSE
	EndGlobalSection
	GlobalSection(ExtensibilityGlobals) = postSolution
		SolutionGuid = {96745E66-4765-4FEB-BD4C-433442258393}
	EndGlobalSection
EndGlobal
