
Microsoft Visual Studio Solution File, Format Version 12.00
# Visual Studio Version 17
VisualStudioVersion = 17.11.35312.102
MinimumVisualStudioVersion = 10.0.40219.1
Project("{FAE04EC0-301F-11D3-BF4B-00C04F79EFBC}") = "Project11_4", "Project11_4\Project11_4.csproj", "{9C36F26C-61F2-4C79-B3B0-4A0FD85F03E9}"
EndProject
Global
	GlobalSection(SolutionConfigurationPlatforms) = preSolution
		Debug|Any CPU = Debug|Any CPU
		Release|Any CPU = Release|Any CPU
	EndGlobalSection
	GlobalSection(ProjectConfigurationPlatforms) = postSolution
		{9C36F26C-61F2-4C79-B3B0-4A0FD85F03E9}.Debug|Any CPU.ActiveCfg = Debug|Any CPU
		{9C36F26C-61F2-4C79-B3B0-4A0FD85F03E9}.Debug|Any CPU.Build.0 = Debug|Any CPU
		{9C36F26C-61F2-4C79-B3B0-4A0FD85F03E9}.Release|Any CPU.ActiveCfg = Release|Any CPU
		{9C36F26C-61F2-4C79-B3B0-4A0FD85F03E9}.Release|Any CPU.Build.0 = Release|Any CPU
	EndGlobalSection
	GlobalSection(SolutionProperties) = preSolution
		HideSolutionNode = FALSE
	EndGlobalSection
	GlobalSection(ExtensibilityGlobals) = postSolution
		SolutionGuid = {0D4B497A-6EAC-4FBA-9387-5D51E63052A2}
	EndGlobalSection
EndGlobal
