
Microsoft Visual Studio Solution File, Format Version 12.00
# Visual Studio Version 17
VisualStudioVersion = 17.11.35312.102
MinimumVisualStudioVersion = 10.0.40219.1
Project("{FAE04EC0-301F-11D3-BF4B-00C04F79EFBC}") = "Project10_8", "Project10_8\Project10_8.csproj", "{DE55BD26-1EA3-44CF-914E-B196B16F90EA}"
EndProject
Global
	GlobalSection(SolutionConfigurationPlatforms) = preSolution
		Debug|Any CPU = Debug|Any CPU
		Release|Any CPU = Release|Any CPU
	EndGlobalSection
	GlobalSection(ProjectConfigurationPlatforms) = postSolution
		{DE55BD26-1EA3-44CF-914E-B196B16F90EA}.Debug|Any CPU.ActiveCfg = Debug|Any CPU
		{DE55BD26-1EA3-44CF-914E-B196B16F90EA}.Debug|Any CPU.Build.0 = Debug|Any CPU
		{DE55BD26-1EA3-44CF-914E-B196B16F90EA}.Release|Any CPU.ActiveCfg = Release|Any CPU
		{DE55BD26-1EA3-44CF-914E-B196B16F90EA}.Release|Any CPU.Build.0 = Release|Any CPU
	EndGlobalSection
	GlobalSection(SolutionProperties) = preSolution
		HideSolutionNode = FALSE
	EndGlobalSection
	GlobalSection(ExtensibilityGlobals) = postSolution
		SolutionGuid = {D0075C94-814A-4FC1-BE9A-9F61E06DC3F6}
	EndGlobalSection
EndGlobal
