
Microsoft Visual Studio Solution File, Format Version 12.00
# Visual Studio Version 17
VisualStudioVersion = 17.11.35312.102
MinimumVisualStudioVersion = 10.0.40219.1
Project("{FAE04EC0-301F-11D3-BF4B-00C04F79EFBC}") = "Project06_1", "Project06_1\Project06_1.csproj", "{E5D847D7-4098-4264-91E5-4B3DBF8CEB58}"
EndProject
Global
	GlobalSection(SolutionConfigurationPlatforms) = preSolution
		Debug|Any CPU = Debug|Any CPU
		Release|Any CPU = Release|Any CPU
	EndGlobalSection
	GlobalSection(ProjectConfigurationPlatforms) = postSolution
		{E5D847D7-4098-4264-91E5-4B3DBF8CEB58}.Debug|Any CPU.ActiveCfg = Debug|Any CPU
		{E5D847D7-4098-4264-91E5-4B3DBF8CEB58}.Debug|Any CPU.Build.0 = Debug|Any CPU
		{E5D847D7-4098-4264-91E5-4B3DBF8CEB58}.Release|Any CPU.ActiveCfg = Release|Any CPU
		{E5D847D7-4098-4264-91E5-4B3DBF8CEB58}.Release|Any CPU.Build.0 = Release|Any CPU
	EndGlobalSection
	GlobalSection(SolutionProperties) = preSolution
		HideSolutionNode = FALSE
	EndGlobalSection
	GlobalSection(ExtensibilityGlobals) = postSolution
		SolutionGuid = {92B8C2EE-AA93-45F0-944A-509897FE3DCB}
	EndGlobalSection
EndGlobal
