
Microsoft Visual Studio Solution File, Format Version 12.00
# Visual Studio Version 17
VisualStudioVersion = 17.11.35312.102
MinimumVisualStudioVersion = 10.0.40219.1
Project("{FAE04EC0-301F-11D3-BF4B-00C04F79EFBC}") = "Project05_7", "Project05_7\Project05_7.csproj", "{09C7F95E-F0A1-4849-81EC-5C1339152BA3}"
EndProject
Global
	GlobalSection(SolutionConfigurationPlatforms) = preSolution
		Debug|Any CPU = Debug|Any CPU
		Release|Any CPU = Release|Any CPU
	EndGlobalSection
	GlobalSection(ProjectConfigurationPlatforms) = postSolution
		{09C7F95E-F0A1-4849-81EC-5C1339152BA3}.Debug|Any CPU.ActiveCfg = Debug|Any CPU
		{09C7F95E-F0A1-4849-81EC-5C1339152BA3}.Debug|Any CPU.Build.0 = Debug|Any CPU
		{09C7F95E-F0A1-4849-81EC-5C1339152BA3}.Release|Any CPU.ActiveCfg = Release|Any CPU
		{09C7F95E-F0A1-4849-81EC-5C1339152BA3}.Release|Any CPU.Build.0 = Release|Any CPU
	EndGlobalSection
	GlobalSection(SolutionProperties) = preSolution
		HideSolutionNode = FALSE
	EndGlobalSection
	GlobalSection(ExtensibilityGlobals) = postSolution
		SolutionGuid = {20576E02-A9A5-4DFE-AA61-86DD971E13D8}
	EndGlobalSection
EndGlobal
