
Microsoft Visual Studio Solution File, Format Version 12.00
# Visual Studio Version 17
VisualStudioVersion = 17.11.35312.102
MinimumVisualStudioVersion = 10.0.40219.1
Project("{FAE04EC0-301F-11D3-BF4B-00C04F79EFBC}") = "Project02_4", "Project02_4\Project02_4.csproj", "{53F04B3B-0550-4D2A-9C91-8193C64789F6}"
EndProject
Global
	GlobalSection(SolutionConfigurationPlatforms) = preSolution
		Debug|Any CPU = Debug|Any CPU
		Release|Any CPU = Release|Any CPU
	EndGlobalSection
	GlobalSection(ProjectConfigurationPlatforms) = postSolution
		{53F04B3B-0550-4D2A-9C91-8193C64789F6}.Debug|Any CPU.ActiveCfg = Debug|Any CPU
		{53F04B3B-0550-4D2A-9C91-8193C64789F6}.Debug|Any CPU.Build.0 = Debug|Any CPU
		{53F04B3B-0550-4D2A-9C91-8193C64789F6}.Release|Any CPU.ActiveCfg = Release|Any CPU
		{53F04B3B-0550-4D2A-9C91-8193C64789F6}.Release|Any CPU.Build.0 = Release|Any CPU
	EndGlobalSection
	GlobalSection(SolutionProperties) = preSolution
		HideSolutionNode = FALSE
	EndGlobalSection
	GlobalSection(ExtensibilityGlobals) = postSolution
		SolutionGuid = {79607E09-31AA-4174-96D3-B3C5656B17CD}
	EndGlobalSection
EndGlobal
