
Microsoft Visual Studio Solution File, Format Version 12.00
# Visual Studio Version 17
VisualStudioVersion = 17.11.35312.102
MinimumVisualStudioVersion = 10.0.40219.1
Project("{FAE04EC0-301F-11D3-BF4B-00C04F79EFBC}") = "Project06_7", "Project06_7\Project06_7.csproj", "{4341FE15-8C42-4F1A-AA33-A88B02AC165D}"
EndProject
Global
	GlobalSection(SolutionConfigurationPlatforms) = preSolution
		Debug|Any CPU = Debug|Any CPU
		Release|Any CPU = Release|Any CPU
	EndGlobalSection
	GlobalSection(ProjectConfigurationPlatforms) = postSolution
		{4341FE15-8C42-4F1A-AA33-A88B02AC165D}.Debug|Any CPU.ActiveCfg = Debug|Any CPU
		{4341FE15-8C42-4F1A-AA33-A88B02AC165D}.Debug|Any CPU.Build.0 = Debug|Any CPU
		{4341FE15-8C42-4F1A-AA33-A88B02AC165D}.Release|Any CPU.ActiveCfg = Release|Any CPU
		{4341FE15-8C42-4F1A-AA33-A88B02AC165D}.Release|Any CPU.Build.0 = Release|Any CPU
	EndGlobalSection
	GlobalSection(SolutionProperties) = preSolution
		HideSolutionNode = FALSE
	EndGlobalSection
	GlobalSection(ExtensibilityGlobals) = postSolution
		SolutionGuid = {1E2F9C2F-D2B7-4637-8BCB-577AA6ECACAE}
	EndGlobalSection
EndGlobal
