
Microsoft Visual Studio Solution File, Format Version 12.00
# Visual Studio Version 17
VisualStudioVersion = 17.11.35312.102
MinimumVisualStudioVersion = 10.0.40219.1
Project("{FAE04EC0-301F-11D3-BF4B-00C04F79EFBC}") = "Project09_2", "Project09_2\Project09_2.csproj", "{61981999-D77D-436A-B374-A272AD64CC20}"
EndProject
Global
	GlobalSection(SolutionConfigurationPlatforms) = preSolution
		Debug|Any CPU = Debug|Any CPU
		Release|Any CPU = Release|Any CPU
	EndGlobalSection
	GlobalSection(ProjectConfigurationPlatforms) = postSolution
		{61981999-D77D-436A-B374-A272AD64CC20}.Debug|Any CPU.ActiveCfg = Debug|Any CPU
		{61981999-D77D-436A-B374-A272AD64CC20}.Debug|Any CPU.Build.0 = Debug|Any CPU
		{61981999-D77D-436A-B374-A272AD64CC20}.Release|Any CPU.ActiveCfg = Release|Any CPU
		{61981999-D77D-436A-B374-A272AD64CC20}.Release|Any CPU.Build.0 = Release|Any CPU
	EndGlobalSection
	GlobalSection(SolutionProperties) = preSolution
		HideSolutionNode = FALSE
	EndGlobalSection
	GlobalSection(ExtensibilityGlobals) = postSolution
		SolutionGuid = {1A386C18-ADC3-497E-8722-334807FD25F0}
	EndGlobalSection
EndGlobal
