
Microsoft Visual Studio Solution File, Format Version 12.00
# Visual Studio Version 17
VisualStudioVersion = 17.11.35312.102
MinimumVisualStudioVersion = 10.0.40219.1
Project("{FAE04EC0-301F-11D3-BF4B-00C04F79EFBC}") = "Project06_8", "Project06_8\Project06_8.csproj", "{307A64C1-0F4C-4B4D-9C06-F4C821A54B55}"
EndProject
Global
	GlobalSection(SolutionConfigurationPlatforms) = preSolution
		Debug|Any CPU = Debug|Any CPU
		Release|Any CPU = Release|Any CPU
	EndGlobalSection
	GlobalSection(ProjectConfigurationPlatforms) = postSolution
		{307A64C1-0F4C-4B4D-9C06-F4C821A54B55}.Debug|Any CPU.ActiveCfg = Debug|Any CPU
		{307A64C1-0F4C-4B4D-9C06-F4C821A54B55}.Debug|Any CPU.Build.0 = Debug|Any CPU
		{307A64C1-0F4C-4B4D-9C06-F4C821A54B55}.Release|Any CPU.ActiveCfg = Release|Any CPU
		{307A64C1-0F4C-4B4D-9C06-F4C821A54B55}.Release|Any CPU.Build.0 = Release|Any CPU
	EndGlobalSection
	GlobalSection(SolutionProperties) = preSolution
		HideSolutionNode = FALSE
	EndGlobalSection
	GlobalSection(ExtensibilityGlobals) = postSolution
		SolutionGuid = {E3162AE1-DF41-447D-A463-C4CC03B4ECF6}
	EndGlobalSection
EndGlobal
