
Microsoft Visual Studio Solution File, Format Version 12.00
# Visual Studio Version 17
VisualStudioVersion = 17.11.35312.102
MinimumVisualStudioVersion = 10.0.40219.1
Project("{FAE04EC0-301F-11D3-BF4B-00C04F79EFBC}") = "Project10_14", "Project10_14\Project10_14.csproj", "{7B7CBBA9-D565-47BC-8537-21D34C8002F7}"
EndProject
Global
	GlobalSection(SolutionConfigurationPlatforms) = preSolution
		Debug|Any CPU = Debug|Any CPU
		Release|Any CPU = Release|Any CPU
	EndGlobalSection
	GlobalSection(ProjectConfigurationPlatforms) = postSolution
		{7B7CBBA9-D565-47BC-8537-21D34C8002F7}.Debug|Any CPU.ActiveCfg = Debug|Any CPU
		{7B7CBBA9-D565-47BC-8537-21D34C8002F7}.Debug|Any CPU.Build.0 = Debug|Any CPU
		{7B7CBBA9-D565-47BC-8537-21D34C8002F7}.Release|Any CPU.ActiveCfg = Release|Any CPU
		{7B7CBBA9-D565-47BC-8537-21D34C8002F7}.Release|Any CPU.Build.0 = Release|Any CPU
	EndGlobalSection
	GlobalSection(SolutionProperties) = preSolution
		HideSolutionNode = FALSE
	EndGlobalSection
	GlobalSection(ExtensibilityGlobals) = postSolution
		SolutionGuid = {C128A297-3482-4321-872F-C0AAF70CE113}
	EndGlobalSection
EndGlobal
