
Microsoft Visual Studio Solution File, Format Version 12.00
# Visual Studio Version 17
VisualStudioVersion = 17.11.35312.102
MinimumVisualStudioVersion = 10.0.40219.1
Project("{FAE04EC0-301F-11D3-BF4B-00C04F79EFBC}") = "Project11_1", "Project11_1\Project11_1.csproj", "{32DCD7EA-D314-4D60-8EBB-F9B54BA99D39}"
EndProject
Global
	GlobalSection(SolutionConfigurationPlatforms) = preSolution
		Debug|Any CPU = Debug|Any CPU
		Release|Any CPU = Release|Any CPU
	EndGlobalSection
	GlobalSection(ProjectConfigurationPlatforms) = postSolution
		{32DCD7EA-D314-4D60-8EBB-F9B54BA99D39}.Debug|Any CPU.ActiveCfg = Debug|Any CPU
		{32DCD7EA-D314-4D60-8EBB-F9B54BA99D39}.Debug|Any CPU.Build.0 = Debug|Any CPU
		{32DCD7EA-D314-4D60-8EBB-F9B54BA99D39}.Release|Any CPU.ActiveCfg = Release|Any CPU
		{32DCD7EA-D314-4D60-8EBB-F9B54BA99D39}.Release|Any CPU.Build.0 = Release|Any CPU
	EndGlobalSection
	GlobalSection(SolutionProperties) = preSolution
		HideSolutionNode = FALSE
	EndGlobalSection
	GlobalSection(ExtensibilityGlobals) = postSolution
		SolutionGuid = {AFE18F2E-6049-4E54-AFA0-6A5BDC91C26F}
	EndGlobalSection
EndGlobal
