
Microsoft Visual Studio Solution File, Format Version 12.00
# Visual Studio Version 17
VisualStudioVersion = 17.11.35312.102
MinimumVisualStudioVersion = 10.0.40219.1
Project("{FAE04EC0-301F-11D3-BF4B-00C04F79EFBC}") = "Project12_6", "Project12_6\Project12_6.csproj", "{6516BB31-DCA8-494C-A991-CF1BEBFBF8C0}"
EndProject
Global
	GlobalSection(SolutionConfigurationPlatforms) = preSolution
		Debug|Any CPU = Debug|Any CPU
		Release|Any CPU = Release|Any CPU
	EndGlobalSection
	GlobalSection(ProjectConfigurationPlatforms) = postSolution
		{6516BB31-DCA8-494C-A991-CF1BEBFBF8C0}.Debug|Any CPU.ActiveCfg = Debug|Any CPU
		{6516BB31-DCA8-494C-A991-CF1BEBFBF8C0}.Debug|Any CPU.Build.0 = Debug|Any CPU
		{6516BB31-DCA8-494C-A991-CF1BEBFBF8C0}.Release|Any CPU.ActiveCfg = Release|Any CPU
		{6516BB31-DCA8-494C-A991-CF1BEBFBF8C0}.Release|Any CPU.Build.0 = Release|Any CPU
	EndGlobalSection
	GlobalSection(SolutionProperties) = preSolution
		HideSolutionNode = FALSE
	EndGlobalSection
	GlobalSection(ExtensibilityGlobals) = postSolution
		SolutionGuid = {29AD75D8-6D97-4E16-A1B7-AE8E446DCE0F}
	EndGlobalSection
EndGlobal
